
Microsoft Visual Studio Solution File, Format Version 12.00
Project("{FAE04EC0-301F-11D3-BF4B-00C04F79EFBC}") = "ServerPlugin", "ServerPlugin\ServerPlugin.csproj", "{AA4E80AB-B018-4C02-BDDF-88DF61DCF2B8}"
EndProject
Project("{D954291E-2A0B-460D-934E-DC6B0785DB48}") = "Shared", "Shared\Shared.shproj", "{D5E0ED83-D9BB-4E23-B5E7-257628D17F92}"
EndProject
Project("{2150E333-8FDC-42A3-9474-1A3956D46DE8}") = "Solution Items", "Solution Items", "{75919FCB-E258-4690-ABD5-44597B3D9D65}"
	ProjectSection(SolutionItems) = preProject
		.gitignore = .gitignore
		README.md = README.md
		AGENTS.md = AGENTS.md
		GridBackups.xml = GridBackups.xml
		LICENSE = LICENSE
	EndProjectSection
EndProject
Global
	GlobalSection(SolutionConfigurationPlatforms) = preSolution
		Debug|Any CPU = Debug|Any CPU
		Release|Any CPU = Release|Any CPU
	EndGlobalSection
	GlobalSection(ProjectConfigurationPlatforms) = postSolution
		{AA4E80AB-B018-4C02-BDDF-88DF61DCF2B8}.Debug|Any CPU.ActiveCfg = Debug|Any CPU
		{AA4E80AB-B018-4C02-BDDF-88DF61DCF2B8}.Debug|Any CPU.Build.0 = Debug|Any CPU
		{AA4E80AB-B018-4C02-BDDF-88DF61DCF2B8}.Release|Any CPU.ActiveCfg = Release|Any CPU
		{AA4E80AB-B018-4C02-BDDF-88DF61DCF2B8}.Release|Any CPU.Build.0 = Release|Any CPU
		{AA4E80AB-B018-4C02-BDDF-88DF61DCF2B8}.Debug|Any CPU.Deploy.0 = Debug|Any CPU
		{AA4E80AB-B018-4C02-BDDF-88DF61DCF2B8}.Release|Any CPU.Deploy.0 = Release|Any CPU
	EndGlobalSection
EndGlobal
